{
  "name": "@firebase-function-kits/firestore-incremental-capture",
  "version": "0.0.1",
  "lockfileVersion": 3,
  "requires": true,
  "packages": {
    "": {
      "name": "@firebase-function-kits/firestore-incremental-capture",
      "version": "0.0.1",
      "license": "Apache-2.0",
      "engines": {
        "node": ">=22"
      }
    }
  }
}
